
Microsoft Visual Studio Solution File, Format Version 12.00
# Visual Studio Version 17
VisualStudioVersion = 17.2.32630.192
MinimumVisualStudioVersion = 10.0.40219.1
Project("{FAE04EC0-301F-11D3-BF4B-00C04F79EFBC}") = "WeatherApi", "WeatherApi\WeatherApi.csproj", "{0D9EED01-2EA8-4F1F-999E-E40BC81FB4EE}"
EndProject
Global
	GlobalSection(SolutionConfigurationPlatforms) = preSolution
		Debug|Any CPU = Debug|Any CPU
		Release|Any CPU = Release|Any CPU
	EndGlobalSection
	GlobalSection(ProjectConfigurationPlatforms) = postSolution
		{0D9EED01-2EA8-4F1F-999E-E40BC81FB4EE}.Debug|Any CPU.ActiveCfg = Debug|Any CPU
		{0D9EED01-2EA8-4F1F-999E-E40BC81FB4EE}.Debug|Any CPU.Build.0 = Debug|Any CPU
		{0D9EED01-2EA8-4F1F-999E-E40BC81FB4EE}.Release|Any CPU.ActiveCfg = Release|Any CPU
		{0D9EED01-2EA8-4F1F-999E-E40BC81FB4EE}.Release|Any CPU.Build.0 = Release|Any CPU
	EndGlobalSection
	GlobalSection(SolutionProperties) = preSolution
		HideSolutionNode = FALSE
	EndGlobalSection
	GlobalSection(ExtensibilityGlobals) = postSolution
		SolutionGuid = {FCEBF5EC-2B74-4C8F-BF40-9369C96DFF5E}
	EndGlobalSection
EndGlobal
